<?xml version="1.0" encoding="utf-8"?>
<Project ToolsVersion="16.0" xmlns="http://schemas.microsoft.com/developer/msbuild/2003">
  <ItemGroup>
    <ClCompile Include="C:\Users\Roxane\Documents\COMP371_all\ProjectRepo\COMP371_Project\code\src\drawFunctions.cpp">
      <Filter>Source Files</Filter>
    </ClCompile>
    <ClCompile Include="C:\Users\Roxane\Documents\COMP371_all\ProjectRepo\COMP371_Project\code\src\geometricFunctions.cpp">
      <Filter>Source Files</Filter>
    </ClCompile>
    <ClCompile Include="C:\Users\Roxane\Documents\COMP371_all\ProjectRepo\COMP371_Project\code\src\project.cpp">
      <Filter>Source Files</Filter>
    </ClCompile>
  </ItemGroup>
  <ItemGroup>
    <CustomBuild Include="C:\Users\Roxane\Documents\COMP371_all\ProjectRepo\COMP371_Project\code\CMakeLists.txt" />
  </ItemGroup>
  <ItemGroup>
    <Filter Include="Source Files">
      <UniqueIdentifier>{89AD106B-1820-302E-B845-020BD0BBCA0A}</UniqueIdentifier>
    </Filter>
  </ItemGroup>
</Project>
